
Microsoft Visual Studio Solution File, Format Version 12.00
# Visual Studio Version 17
VisualStudioVersion = 17.14.36212.18 d17.14
MinimumVisualStudioVersion = 10.0.40219.1
Project("{FAE04EC0-301F-11D3-BF4B-00C04F79EFBC}") = "FibonacciNumberCalculator", "FibonacciNumberCalculator\FibonacciNumberCalculator.csproj", "{321ABFA3-FBF5-49D6-A22E-FED7B14F2486}"
EndProject
Project("{FAE04EC0-301F-11D3-BF4B-00C04F79EFBC}") = "FibonacciNumberCalculator.Tests", "FibonacciNumberCalculator.Tests\FibonacciNumberCalculator.Tests.csproj", "{76977A3F-5135-417C-A4D0-78982EE5B9AF}"
EndProject
Global
	GlobalSection(SolutionConfigurationPlatforms) = preSolution
		Debug|Any CPU = Debug|Any CPU
		Release|Any CPU = Release|Any CPU
	EndGlobalSection
	GlobalSection(ProjectConfigurationPlatforms) = postSolution
		{321ABFA3-FBF5-49D6-A22E-FED7B14F2486}.Debug|Any CPU.ActiveCfg = Debug|Any CPU
		{321ABFA3-FBF5-49D6-A22E-FED7B14F2486}.Debug|Any CPU.Build.0 = Debug|Any CPU
		{321ABFA3-FBF5-49D6-A22E-FED7B14F2486}.Release|Any CPU.ActiveCfg = Release|Any CPU
		{321ABFA3-FBF5-49D6-A22E-FED7B14F2486}.Release|Any CPU.Build.0 = Release|Any CPU
		{76977A3F-5135-417C-A4D0-78982EE5B9AF}.Debug|Any CPU.ActiveCfg = Debug|Any CPU
		{76977A3F-5135-417C-A4D0-78982EE5B9AF}.Debug|Any CPU.Build.0 = Debug|Any CPU
		{76977A3F-5135-417C-A4D0-78982EE5B9AF}.Release|Any CPU.ActiveCfg = Release|Any CPU
		{76977A3F-5135-417C-A4D0-78982EE5B9AF}.Release|Any CPU.Build.0 = Release|Any CPU
	EndGlobalSection
	GlobalSection(SolutionProperties) = preSolution
		HideSolutionNode = FALSE
	EndGlobalSection
	GlobalSection(ExtensibilityGlobals) = postSolution
		SolutionGuid = {BB705B0C-5748-4363-AF4A-708255D92771}
	EndGlobalSection
EndGlobal
